
Microsoft Visual Studio Solution File, Format Version 12.00
# Visual Studio Version 17
VisualStudioVersion = 17.14.36518.9 d17.14
MinimumVisualStudioVersion = 10.0.40219.1
Project("{FAE04EC0-301F-11D3-BF4B-00C04F79EFBC}") = "EconomicWPF", "EconomicWPF.csproj", "{6A40C1CC-ADD8-4ABC-9DDF-4338121D96F0}"
EndProject
Global
	GlobalSection(SolutionConfigurationPlatforms) = preSolution
		Debug|Any CPU = Debug|Any CPU
		Release|Any CPU = Release|Any CPU
	EndGlobalSection
	GlobalSection(ProjectConfigurationPlatforms) = postSolution
		{6A40C1CC-ADD8-4ABC-9DDF-4338121D96F0}.Debug|Any CPU.ActiveCfg = Debug|Any CPU
		{6A40C1CC-ADD8-4ABC-9DDF-4338121D96F0}.Debug|Any CPU.Build.0 = Debug|Any CPU
		{6A40C1CC-ADD8-4ABC-9DDF-4338121D96F0}.Release|Any CPU.ActiveCfg = Release|Any CPU
		{6A40C1CC-ADD8-4ABC-9DDF-4338121D96F0}.Release|Any CPU.Build.0 = Release|Any CPU
	EndGlobalSection
	GlobalSection(SolutionProperties) = preSolution
		HideSolutionNode = FALSE
	EndGlobalSection
	GlobalSection(ExtensibilityGlobals) = postSolution
		SolutionGuid = {EF56E9CA-CEB6-424D-B442-A4473126DBC0}
	EndGlobalSection
EndGlobal
